
Microsoft Visual Studio Solution File, Format Version 12.00
# Visual Studio Version 17
VisualStudioVersion = 17.8.34408.163
MinimumVisualStudioVersion = 10.0.40219.1
Project("{9A19103F-16F7-4668-BE54-9A1E7A4F7556}") = "TimePulse", "TimePulse.csproj", "{8431A814-6247-43FB-B129-A225E064B17A}"
EndProject
Global
	GlobalSection(SolutionConfigurationPlatforms) = preSolution
		Debug|Any CPU = Debug|Any CPU
		Release|Any CPU = Release|Any CPU
	EndGlobalSection
	GlobalSection(ProjectConfigurationPlatforms) = postSolution
		{8431A814-6247-43FB-B129-A225E064B17A}.Debug|Any CPU.ActiveCfg = Debug|Any CPU
		{8431A814-6247-43FB-B129-A225E064B17A}.Debug|Any CPU.Build.0 = Debug|Any CPU
		{8431A814-6247-43FB-B129-A225E064B17A}.Release|Any CPU.ActiveCfg = Release|Any CPU
		{8431A814-6247-43FB-B129-A225E064B17A}.Release|Any CPU.Build.0 = Release|Any CPU
	EndGlobalSection
	GlobalSection(SolutionProperties) = preSolution
		HideSolutionNode = FALSE
	EndGlobalSection
	GlobalSection(ExtensibilityGlobals) = postSolution
		SolutionGuid = {D716035C-801A-4109-B1C6-4EE9D4F29E9F}
	EndGlobalSection
EndGlobal
